// !$*UTF8*$!
{
	archiveVersion = 1;
	classes = {
	};
	objectVersion = 56;
	objects = {

/* Begin PBXBuildFile section */
		A05DC3A729AB62E60049820A /* AppInfoApp.swift in Sources */ = {isa = PBXBuildFile; fileRef = A05DC3A629AB62E60049820A /* AppInfoApp.swift */; };
		A05DC3A929AB62E60049820A /* FrameworkGridView.swift in Sources */ = {isa = PBXBuildFile; fileRef = A05DC3A829AB62E60049820A /* FrameworkGridView.swift */; };
		A05DC3AB29AB62E80049820A /* Assets.xcassets in Resources */ = {isa = PBXBuildFile; fileRef = A05DC3AA29AB62E80049820A /* Assets.xcassets */; };
		A05DC3AE29AB62E80049820A /* Preview Assets.xcassets in Resources */ = {isa = PBXBuildFile; fileRef = A05DC3AD29AB62E80049820A /* Preview Assets.xcassets */; };
		A05DC3B529AB76870049820A /* Framework.swift in Sources */ = {isa = PBXBuildFile; fileRef = A05DC3B429AB76870049820A /* Framework.swift */; };
		A0AB01C029AB859000C92C22 /* AFButton.swift in Sources */ = {isa = PBXBuildFile; fileRef = A0AB01BF29AB859000C92C22 /* AFButton.swift */; };
		A0AB01C229AB8E2000C92C22 /* FrameworkGridViewModel.swift in Sources */ = {isa = PBXBuildFile; fileRef = A0AB01C129AB8E2000C92C22 /* FrameworkGridViewModel.swift */; };
		A0AB01C429AB907200C92C22 /* FrameworkDetailView.swift in Sources */ = {isa = PBXBuildFile; fileRef = A0AB01C329AB907200C92C22 /* FrameworkDetailView.swift */; };
		A0AB01C629AB9E2300C92C22 /* SafariView.swift in Sources */ = {isa = PBXBuildFile; fileRef = A0AB01C529AB9E2300C92C22 /* SafariView.swift */; };
		A0AB01C829ABB14600C92C22 /* FrameworkTitleView.swift in Sources */ = {isa = PBXBuildFile; fileRef = A0AB01C729ABB14600C92C22 /* FrameworkTitleView.swift */; };
		A0AB01CA29ABB1B900C92C22 /* XDismissButton.swift in Sources */ = {isa = PBXBuildFile; fileRef = A0AB01C929ABB1B900C92C22 /* XDismissButton.swift */; };
/* End PBXBuildFile section */

/* Begin PBXFileReference section */
		A05DC3A329AB62E60049820A /* AppInfo.app */ = {isa = PBXFileReference; explicitFileType = wrapper.application; includeInIndex = 0; path = AppInfo.app; sourceTree = BUILT_PRODUCTS_DIR; };
		A05DC3A629AB62E60049820A /* AppInfoApp.swift */ = {isa = PBXFileReference; lastKnownFileType = sourcecode.swift; path = AppInfoApp.swift; sourceTree = "<group>"; };
		A05DC3A829AB62E60049820A /* FrameworkGridView.swift */ = {isa = PBXFileReference; lastKnownFileType = sourcecode.swift; path = FrameworkGridView.swift; sourceTree = "<group>"; };
		A05DC3AA29AB62E80049820A /* Assets.xcassets */ = {isa = PBXFileReference; lastKnownFileType = folder.assetcatalog; path = Assets.xcassets; sourceTree = "<group>"; };
		A05DC3AD29AB62E80049820A /* Preview Assets.xcassets */ = {isa = PBXFileReference; lastKnownFileType = folder.assetcatalog; path = "Preview Assets.xcassets"; sourceTree = "<group>"; };
		A05DC3B429AB76870049820A /* Framework.swift */ = {isa = PBXFileReference; lastKnownFileType = sourcecode.swift; path = Framework.swift; sourceTree = "<group>"; };
		A0AB01BF29AB859000C92C22 /* AFButton.swift */ = {isa = PBXFileReference; lastKnownFileType = sourcecode.swift; path = AFButton.swift; sourceTree = "<group>"; };
		A0AB01C129AB8E2000C92C22 /* FrameworkGridViewModel.swift */ = {isa = PBXFileReference; lastKnownFileType = sourcecode.swift; path = FrameworkGridViewModel.swift; sourceTree = "<group>"; };
		A0AB01C329AB907200C92C22 /* FrameworkDetailView.swift */ = {isa = PBXFileReference; lastKnownFileType = sourcecode.swift; path = FrameworkDetailView.swift; sourceTree = "<group>"; };
		A0AB01C529AB9E2300C92C22 /* SafariView.swift */ = {isa = PBXFileReference; lastKnownFileType = sourcecode.swift; path = SafariView.swift; sourceTree = "<group>"; };
		A0AB01C729ABB14600C92C22 /* FrameworkTitleView.swift */ = {isa = PBXFileReference; lastKnownFileType = sourcecode.swift; path = FrameworkTitleView.swift; sourceTree = "<group>"; };
		A0AB01C929ABB1B900C92C22 /* XDismissButton.swift */ = {isa = PBXFileReference; lastKnownFileType = sourcecode.swift; path = XDismissButton.swift; sourceTree = "<group>"; };
/* End PBXFileReference section */

/* Begin PBXFrameworksBuildPhase section */
		A05DC3A029AB62E60049820A /* Frameworks */ = {
			isa = PBXFrameworksBuildPhase;
			buildActionMask = 2147483647;
			files = (
			);
			runOnlyForDeploymentPostprocessing = 0;
		};
/* End PBXFrameworksBuildPhase section */

/* Begin PBXGroup section */
		A05DC39A29AB62E60049820A = {
			isa = PBXGroup;
			children = (
				A05DC3A529AB62E60049820A /* AppInfo */,
				A05DC3A429AB62E60049820A /* Products */,
			);
			sourceTree = "<group>";
		};
		A05DC3A429AB62E60049820A /* Products */ = {
			isa = PBXGroup;
			children = (
				A05DC3A329AB62E60049820A /* AppInfo.app */,
			);
			name = Products;
			sourceTree = "<group>";
		};
		A05DC3A529AB62E60049820A /* AppInfo */ = {
			isa = PBXGroup;
			children = (
				A0AB01D329ABB32A00C92C22 /* UIKit Components */,
				A0AB01D029ABB2F400C92C22 /* Views */,
				A0AB01CF29ABB2DF00C92C22 /* Model */,
				A0AB01CB29ABB25300C92C22 /* Screens */,
				A05DC3A629AB62E60049820A /* AppInfoApp.swift */,
				A05DC3AA29AB62E80049820A /* Assets.xcassets */,
				A05DC3AC29AB62E80049820A /* Preview Content */,
			);
			path = AppInfo;
			sourceTree = "<group>";
		};
		A05DC3AC29AB62E80049820A /* Preview Content */ = {
			isa = PBXGroup;
			children = (
				A05DC3AD29AB62E80049820A /* Preview Assets.xcassets */,
			);
			path = "Preview Content";
			sourceTree = "<group>";
		};
		A0AB01CB29ABB25300C92C22 /* Screens */ = {
			isa = PBXGroup;
			children = (
				A0AB01CE29ABB2BA00C92C22 /* FrameworkDetailView */,
				A0AB01CD29ABB26E00C92C22 /* FrameworkGridView */,
			);
			path = Screens;
			sourceTree = "<group>";
		};
		A0AB01CD29ABB26E00C92C22 /* FrameworkGridView */ = {
			isa = PBXGroup;
			children = (
				A0AB01C129AB8E2000C92C22 /* FrameworkGridViewModel.swift */,
				A05DC3A829AB62E60049820A /* FrameworkGridView.swift */,
			);
			path = FrameworkGridView;
			sourceTree = "<group>";
		};
		A0AB01CE29ABB2BA00C92C22 /* FrameworkDetailView */ = {
			isa = PBXGroup;
			children = (
				A0AB01C329AB907200C92C22 /* FrameworkDetailView.swift */,
			);
			name = FrameworkDetailView;
			sourceTree = "<group>";
		};
		A0AB01CF29ABB2DF00C92C22 /* Model */ = {
			isa = PBXGroup;
			children = (
				A05DC3B429AB76870049820A /* Framework.swift */,
			);
			path = Model;
			sourceTree = "<group>";
		};
		A0AB01D029ABB2F400C92C22 /* Views */ = {
			isa = PBXGroup;
			children = (
				A0AB01D229ABB31D00C92C22 /* View */,
				A0AB01D129ABB2FE00C92C22 /* Buttons */,
			);
			path = Views;
			sourceTree = "<group>";
		};
		A0AB01D129ABB2FE00C92C22 /* Buttons */ = {
			isa = PBXGroup;
			children = (
				A0AB01C929ABB1B900C92C22 /* XDismissButton.swift */,
				A0AB01BF29AB859000C92C22 /* AFButton.swift */,
			);
			path = Buttons;
			sourceTree = "<group>";
		};
		A0AB01D229ABB31D00C92C22 /* View */ = {
			isa = PBXGroup;
			children = (
				A0AB01C729ABB14600C92C22 /* FrameworkTitleView.swift */,
			);
			path = View;
			sourceTree = "<group>";
		};
		A0AB01D329ABB32A00C92C22 /* UIKit Components */ = {
			isa = PBXGroup;
			children = (
				A0AB01C529AB9E2300C92C22 /* SafariView.swift */,
			);
			path = "UIKit Components";
			sourceTree = "<group>";
		};
/* End PBXGroup section */

/* Begin PBXNativeTarget section */
		A05DC3A229AB62E60049820A /* AppInfo */ = {
			isa = PBXNativeTarget;
			buildConfigurationList = A05DC3B129AB62E80049820A /* Build configuration list for PBXNativeTarget "AppInfo" */;
			buildPhases = (
				A05DC39F29AB62E60049820A /* Sources */,
				A05DC3A029AB62E60049820A /* Frameworks */,
				A05DC3A129AB62E60049820A /* Resources */,
			);
			buildRules = (
			);
			dependencies = (
			);
			name = AppInfo;
			productName = AppInfo;
			productReference = A05DC3A329AB62E60049820A /* AppInfo.app */;
			productType = "com.apple.product-type.application";
		};
/* End PBXNativeTarget section */

/* Begin PBXProject section */
		A05DC39B29AB62E60049820A /* Project object */ = {
			isa = PBXProject;
			attributes = {
				BuildIndependentTargetsInParallel = 1;
				LastSwiftUpdateCheck = 1420;
				LastUpgradeCheck = 1420;
				TargetAttributes = {
					A05DC3A229AB62E60049820A = {
						CreatedOnToolsVersion = 14.2;
					};
				};
			};
			buildConfigurationList = A05DC39E29AB62E60049820A /* Build configuration list for PBXProject "AppInfo" */;
			compatibilityVersion = "Xcode 14.0";
			developmentRegion = en;
			hasScannedForEncodings = 0;
			knownRegions = (
				en,
				Base,
			);
			mainGroup = A05DC39A29AB62E60049820A;
			productRefGroup = A05DC3A429AB62E60049820A /* Products */;
			projectDirPath = "";
			projectRoot = "";
			targets = (
				A05DC3A229AB62E60049820A /* AppInfo */,
			);
		};
/* End PBXProject section */

/* Begin PBXResourcesBuildPhase section */
		A05DC3A129AB62E60049820A /* Resources */ = {
			isa = PBXResourcesBuildPhase;
			buildActionMask = 2147483647;
			files = (
				A05DC3AE29AB62E80049820A /* Preview Assets.xcassets in Resources */,
				A05DC3AB29AB62E80049820A /* Assets.xcassets in Resources */,
			);
			runOnlyForDeploymentPostprocessing = 0;
		};
/* End PBXResourcesBuildPhase section */

/* Begin PBXSourcesBuildPhase section */
		A05DC39F29AB62E60049820A /* Sources */ = {
			isa = PBXSourcesBuildPhase;
			buildActionMask = 2147483647;
			files = (
				A05DC3A929AB62E60049820A /* FrameworkGridView.swift in Sources */,
				A05DC3B529AB76870049820A /* Framework.swift in Sources */,
				A0AB01CA29ABB1B900C92C22 /* XDismissButton.swift in Sources */,
				A0AB01C429AB907200C92C22 /* FrameworkDetailView.swift in Sources */,
				A0AB01C829ABB14600C92C22 /* FrameworkTitleView.swift in Sources */,
				A0AB01C229AB8E2000C92C22 /* FrameworkGridViewModel.swift in Sources */,
				A0AB01C029AB859000C92C22 /* AFButton.swift in Sources */,
				A05DC3A729AB62E60049820A /* AppInfoApp.swift in Sources */,
				A0AB01C629AB9E2300C92C22 /* SafariView.swift in Sources */,
			);
			runOnlyForDeploymentPostprocessing = 0;
		};
/* End PBXSourcesBuildPhase section */

/* Begin XCBuildConfiguration section */
		A05DC3AF29AB62E80049820A /* Debug */ = {
			isa = XCBuildConfiguration;
			buildSettings = {
				ALWAYS_SEARCH_USER_PATHS = NO;
				CLANG_ANALYZER_NONNULL = YES;
				CLANG_ANALYZER_NUMBER_OBJECT_CONVERSION = YES_AGGRESSIVE;
				CLANG_CXX_LANGUAGE_STANDARD = "gnu++20";
				CLANG_ENABLE_MODULES = YES;
				CLANG_ENABLE_OBJC_ARC = YES;
				CLANG_ENABLE_OBJC_WEAK = YES;
				CLANG_WARN_BLOCK_CAPTURE_AUTORELEASING = YES;
				CLANG_WARN_BOOL_CONVERSION = YES;
				CLANG_WARN_COMMA = YES;
				CLANG_WARN_CONSTANT_CONVERSION = YES;
				CLANG_WARN_DEPRECATED_OBJC_IMPLEMENTATIONS = YES;
				CLANG_WARN_DIRECT_OBJC_ISA_USAGE = YES_ERROR;
				CLANG_WARN_DOCUMENTATION_COMMENTS = YES;
				CLANG_WARN_EMPTY_BODY = YES;
				CLANG_WARN_ENUM_CONVERSION = YES;
				CLANG_WARN_INFINITE_RECURSION = YES;
				CLANG_WARN_INT_CONVERSION = YES;
				CLANG_WARN_NON_LITERAL_NULL_CONVERSION = YES;
				CLANG_WARN_OBJC_IMPLICIT_RETAIN_SELF = YES;
				CLANG_WARN_OBJC_LITERAL_CONVERSION = YES;
				CLANG_WARN_OBJC_ROOT_CLASS = YES_ERROR;
				CLANG_WARN_QUOTED_INCLUDE_IN_FRAMEWORK_HEADER = YES;
				CLANG_WARN_RANGE_LOOP_ANALYSIS = YES;
				CLANG_WARN_STRICT_PROTOTYPES = YES;
				CLANG_WARN_SUSPICIOUS_MOVE = YES;
				CLANG_WARN_UNGUARDED_AVAILABILITY = YES_AGGRESSIVE;
				CLANG_WARN_UNREACHABLE_CODE = YES;
				CLANG_WARN__DUPLICATE_METHOD_MATCH = YES;
				COPY_PHASE_STRIP = NO;
				DEBUG_INFORMATION_FORMAT = dwarf;
				ENABLE_STRICT_OBJC_MSGSEND = YES;
				ENABLE_TESTABILITY = YES;
				GCC_C_LANGUAGE_STANDARD = gnu11;
				GCC_DYNAMIC_NO_PIC = NO;
				GCC_NO_COMMON_BLOCKS = YES;
				GCC_OPTIMIZATION_LEVEL = 0;
				GCC_PREPROCESSOR_DEFINITIONS = (
					"DEBUG=1",
					"$(inherited)",
				);
				GCC_WARN_64_TO_32_BIT_CONVERSION = YES;
				GCC_WARN_ABOUT_RETURN_TYPE = YES_ERROR;
				GCC_WARN_UNDECLARED_SELECTOR = YES;
				GCC_WARN_UNINITIALIZED_AUTOS = YES_AGGRESSIVE;
				GCC_WARN_UNUSED_FUNCTION = YES;
				GCC_WARN_UNUSED_VARIABLE = YES;
				IPHONEOS_DEPLOYMENT_TARGET = 16.2;
				MTL_ENABLE_DEBUG_INFO = INCLUDE_SOURCE;
				MTL_FAST_MATH = YES;
				ONLY_ACTIVE_ARCH = YES;
				SDKROOT = iphoneos;
				SWIFT_ACTIVE_COMPILATION_CONDITIONS = DEBUG;
				SWIFT_OPTIMIZATION_LEVEL = "-Onone";
			};
			name = Debug;
		};
		A05DC3B029AB62E80049820A /* Release */ = {
			isa = XCBuildConfiguration;
			buildSettings = {
				ALWAYS_SEARCH_USER_PATHS = NO;
				CLANG_ANALYZER_NONNULL = YES;
				CLANG_ANALYZER_NUMBER_OBJECT_CONVERSION = YES_AGGRESSIVE;
				CLANG_CXX_LANGUAGE_STANDARD = "gnu++20";
				CLANG_ENABLE_MODULES = YES;
				CLANG_ENABLE_OBJC_ARC = YES;
				CLANG_ENABLE_OBJC_WEAK = YES;
				CLANG_WARN_BLOCK_CAPTURE_AUTORELEASING = YES;
				CLANG_WARN_BOOL_CONVERSION = YES;
				CLANG_WARN_COMMA = YES;
				CLANG_WARN_CONSTANT_CONVERSION = YES;
				CLANG_WARN_DEPRECATED_OBJC_IMPLEMENTATIONS = YES;
				CLANG_WARN_DIRECT_OBJC_ISA_USAGE = YES_ERROR;
				CLANG_WARN_DOCUMENTATION_COMMENTS = YES;
				CLANG_WARN_EMPTY_BODY = YES;
				CLANG_WARN_ENUM_CONVERSION = YES;
				CLANG_WARN_INFINITE_RECURSION = YES;
				CLANG_WARN_INT_CONVERSION = YES;
				CLANG_WARN_NON_LITERAL_NULL_CONVERSION = YES;
				CLANG_WARN_OBJC_IMPLICIT_RETAIN_SELF = YES;
				CLANG_WARN_OBJC_LITERAL_CONVERSION = YES;
				CLANG_WARN_OBJC_ROOT_CLASS = YES_ERROR;
				CLANG_WARN_QUOTED_INCLUDE_IN_FRAMEWORK_HEADER = YES;
				CLANG_WARN_RANGE_LOOP_ANALYSIS = YES;
				CLANG_WARN_STRICT_PROTOTYPES = YES;
				CLANG_WARN_SUSPICIOUS_MOVE = YES;
				CLANG_WARN_UNGUARDED_AVAILABILITY = YES_AGGRESSIVE;
				CLANG_WARN_UNREACHABLE_CODE = YES;
				CLANG_WARN__DUPLICATE_METHOD_MATCH = YES;
				COPY_PHASE_STRIP = NO;
				DEBUG_INFORMATION_FORMAT = "dwarf-with-dsym";
				ENABLE_NS_ASSERTIONS = NO;
				ENABLE_STRICT_OBJC_MSGSEND = YES;
				GCC_C_LANGUAGE_STANDARD = gnu11;
				GCC_NO_COMMON_BLOCKS = YES;
				GCC_WARN_64_TO_32_BIT_CONVERSION = YES;
				GCC_WARN_ABOUT_RETURN_TYPE = YES_ERROR;
				GCC_WARN_UNDECLARED_SELECTOR = YES;
				GCC_WARN_UNINITIALIZED_AUTOS = YES_AGGRESSIVE;
				GCC_WARN_UNUSED_FUNCTION = YES;
				GCC_WARN_UNUSED_VARIABLE = YES;
				IPHONEOS_DEPLOYMENT_TARGET = 16.2;
				MTL_ENABLE_DEBUG_INFO = NO;
				MTL_FAST_MATH = YES;
				SDKROOT = iphoneos;
				SWIFT_COMPILATION_MODE = wholemodule;
				SWIFT_OPTIMIZATION_LEVEL = "-O";
				VALIDATE_PRODUCT = YES;
			};
			name = Release;
		};
		A05DC3B229AB62E80049820A /* Debug */ = {
			isa = XCBuildConfiguration;
			buildSettings = {
				ASSETCATALOG_COMPILER_APPICON_NAME = AppIcon;
				ASSETCATALOG_COMPILER_GLOBAL_ACCENT_COLOR_NAME = AccentColor;
				CODE_SIGN_STYLE = Automatic;
				CURRENT_PROJECT_VERSION = 1;
				DEVELOPMENT_ASSET_PATHS = "\"AppInfo/Preview Content\"";
				DEVELOPMENT_TEAM = 463FGP39J9;
				ENABLE_PREVIEWS = YES;
				GENERATE_INFOPLIST_FILE = YES;
				INFOPLIST_KEY_UIApplicationSceneManifest_Generation = YES;
				INFOPLIST_KEY_UIApplicationSupportsIndirectInputEvents = YES;
				INFOPLIST_KEY_UILaunchScreen_Generation = YES;
				INFOPLIST_KEY_UISupportedInterfaceOrientations_iPad = "UIInterfaceOrientationPortrait UIInterfaceOrientationPortraitUpsideDown UIInterfaceOrientationLandscapeLeft UIInterfaceOrientationLandscapeRight";
				INFOPLIST_KEY_UISupportedInterfaceOrientations_iPhone = "UIInterfaceOrientationPortrait UIInterfaceOrientationLandscapeLeft UIInterfaceOrientationLandscapeRight";
				LD_RUNPATH_SEARCH_PATHS = (
					"$(inherited)",
					"@executable_path/Frameworks",
				);
				MARKETING_VERSION = 1.0;
				PRODUCT_BUNDLE_IDENTIFIER = com.seanallen.AppInfo;
				PRODUCT_NAME = "$(TARGET_NAME)";
				SWIFT_EMIT_LOC_STRINGS = YES;
				SWIFT_VERSION = 5.0;
				TARGETED_DEVICE_FAMILY = "1,2";
			};
			name = Debug;
		};
		A05DC3B329AB62E80049820A /* Release */ = {
			isa = XCBuildConfiguration;
			buildSettings = {
				ASSETCATALOG_COMPILER_APPICON_NAME = AppIcon;
				ASSETCATALOG_COMPILER_GLOBAL_ACCENT_COLOR_NAME = AccentColor;
				CODE_SIGN_STYLE = Automatic;
				CURRENT_PROJECT_VERSION = 1;
				DEVELOPMENT_ASSET_PATHS = "\"AppInfo/Preview Content\"";
				DEVELOPMENT_TEAM = 463FGP39J9;
				ENABLE_PREVIEWS = YES;
				GENERATE_INFOPLIST_FILE = YES;
				INFOPLIST_KEY_UIApplicationSceneManifest_Generation = YES;
				INFOPLIST_KEY_UIApplicationSupportsIndirectInputEvents = YES;
				INFOPLIST_KEY_UILaunchScreen_Generation = YES;
				INFOPLIST_KEY_UISupportedInterfaceOrientations_iPad = "UIInterfaceOrientationPortrait UIInterfaceOrientationPortraitUpsideDown UIInterfaceOrientationLandscapeLeft UIInterfaceOrientationLandscapeRight";
				INFOPLIST_KEY_UISupportedInterfaceOrientations_iPhone = "UIInterfaceOrientationPortrait UIInterfaceOrientationLandscapeLeft UIInterfaceOrientationLandscapeRight";
				LD_RUNPATH_SEARCH_PATHS = (
					"$(inherited)",
					"@executable_path/Frameworks",
				);
				MARKETING_VERSION = 1.0;
				PRODUCT_BUNDLE_IDENTIFIER = com.seanallen.AppInfo;
				PRODUCT_NAME = "$(TARGET_NAME)";
				SWIFT_EMIT_LOC_STRINGS = YES;
				SWIFT_VERSION = 5.0;
				TARGETED_DEVICE_FAMILY = "1,2";
			};
			name = Release;
		};
/* End XCBuildConfiguration section */

/* Begin XCConfigurationList section */
		A05DC39E29AB62E60049820A /* Build configuration list for PBXProject "AppInfo" */ = {
			isa = XCConfigurationList;
			buildConfigurations = (
				A05DC3AF29AB62E80049820A /* Debug */,
				A05DC3B029AB62E80049820A /* Release */,
			);
			defaultConfigurationIsVisible = 0;
			defaultConfigurationName = Release;
		};
		A05DC3B129AB62E80049820A /* Build configuration list for PBXNativeTarget "AppInfo" */ = {
			isa = XCConfigurationList;
			buildConfigurations = (
				A05DC3B229AB62E80049820A /* Debug */,
				A05DC3B329AB62E80049820A /* Release */,
			);
			defaultConfigurationIsVisible = 0;
			defaultConfigurationName = Release;
		};
/* End XCConfigurationList section */
	};
	rootObject = A05DC39B29AB62E60049820A /* Project object */;
}
